[[tools."pipx:pytest-watcher"]]
version = "0.4.3"
backend = "pipx:pytest-watcher"

[[tools."pipx:sqlfluff"]]
version = "3.5.0"
backend = "pipx:sqlfluff"

[[tools."pipx:toml-sort"]]
version = "0.24.3"
backend = "pipx:toml-sort"

[[tools."pipx:tox"]]
version = "4.32.0"
backend = "pipx:tox"

[[tools.python]]
version = "3.10.15"
backend = "core:python"

[[tools.python]]
version = "3.14.0"
backend = "core:python"
